
Microsoft Visual Studio Solution File, Format Version 12.00
# Visual Studio Version 16
VisualStudioVersion = 16.0.29306.81
MinimumVisualStudioVersion = 10.0.40219.1
Project("{9A19103F-16F7-4668-BE54-9A1E7A4F7556}") = "LinkedLists", "LinkedLists.csproj", "{6CE2C4D0-D6FB-49E8-827D-27642EDE25FB}"
EndProject
Global
	GlobalSection(SolutionConfigurationPlatforms) = preSolution
		Debug|Any CPU = Debug|Any CPU
		Release|Any CPU = Release|Any CPU
	EndGlobalSection
	GlobalSection(ProjectConfigurationPlatforms) = postSolution
		{6CE2C4D0-D6FB-49E8-827D-27642EDE25FB}.Debug|Any CPU.ActiveCfg = Debug|Any CPU
		{6CE2C4D0-D6FB-49E8-827D-27642EDE25FB}.Debug|Any CPU.Build.0 = Debug|Any CPU
		{6CE2C4D0-D6FB-49E8-827D-27642EDE25FB}.Release|Any CPU.ActiveCfg = Release|Any CPU
		{6CE2C4D0-D6FB-49E8-827D-27642EDE25FB}.Release|Any CPU.Build.0 = Release|Any CPU
	EndGlobalSection
	GlobalSection(SolutionProperties) = preSolution
		HideSolutionNode = FALSE
	EndGlobalSection
	GlobalSection(ExtensibilityGlobals) = postSolution
		SolutionGuid = {D3F7A559-252E-47B9-A044-64E36AC27029}
	EndGlobalSection
EndGlobal
